# generated by rye
# use `rye lock` or `rye sync` to update this lockfile
#
# last locked with the following flags:
#   pre: false
#   features: []
#   all-features: false
#   with-sources: false

-e file:.
contourpy==1.2.0
    # via matplotlib
cycler==0.12.1
    # via matplotlib
fonttools==4.48.1
    # via matplotlib
iniabu==1.1.2
    # via rttools
kiwisolver==1.4.5
    # via matplotlib
matplotlib==3.8.2
    # via rttools
numpy==1.26.4
    # via contourpy
    # via iniabu
    # via matplotlib
    # via pandas
    # via pyarrow
    # via rttools
    # via scipy
packaging==23.2
    # via matplotlib
pandas==2.2.0
    # via rttools
pillow==10.2.0
    # via matplotlib
pint==0.23
    # via rttools
pyarrow==15.0.0
    # via rttools
pyparsing==3.1.1
    # via matplotlib
python-dateutil==2.8.2
    # via matplotlib
    # via pandas
pytz==2024.1
    # via pandas
scipy==1.12.0
    # via rttools
six==1.16.0
    # via python-dateutil
typing-extensions==4.9.0
    # via pint
tzdata==2024.1
    # via pandas
